
Microsoft Visual Studio Solution File, Format Version 12.00
# Visual Studio Version 16
VisualStudioVersion = 16.0.28822.285
MinimumVisualStudioVersion = 10.0.40219.1
Project("{FAE04EC0-301F-11D3-BF4B-00C04F79EFBC}") = "AspNetCoreTwoMacorratiAtividade", "AspNetCoreTwoMacorratiAtividade\AspNetCoreTwoMacorratiAtividade.csproj", "{AB971FD0-F075-457E-93B5-CD5110D7DADB}"
EndProject
Global
	GlobalSection(SolutionConfigurationPlatforms) = preSolution
		Debug|Any CPU = Debug|Any CPU
		Release|Any CPU = Release|Any CPU
	EndGlobalSection
	GlobalSection(ProjectConfigurationPlatforms) = postSolution
		{AB971FD0-F075-457E-93B5-CD5110D7DADB}.Debug|Any CPU.ActiveCfg = Debug|Any CPU
		{AB971FD0-F075-457E-93B5-CD5110D7DADB}.Debug|Any CPU.Build.0 = Debug|Any CPU
		{AB971FD0-F075-457E-93B5-CD5110D7DADB}.Release|Any CPU.ActiveCfg = Release|Any CPU
		{AB971FD0-F075-457E-93B5-CD5110D7DADB}.Release|Any CPU.Build.0 = Release|Any CPU
	EndGlobalSection
	GlobalSection(SolutionProperties) = preSolution
		HideSolutionNode = FALSE
	EndGlobalSection
	GlobalSection(ExtensibilityGlobals) = postSolution
		SolutionGuid = {BC333FF9-F798-42B8-9168-E285AEFE2FF4}
	EndGlobalSection
EndGlobal
